// !$*UTF8*$!
{
	archiveVersion = 1;
	classes = {
	};
	objectVersion = 56;
	objects = {

/* Begin PBXBuildFile section */
		662BDB152AFDA3EF00C3209E /* PanelTransition.swift in Sources */ = {isa = PBXBuildFile; fileRef = 662BDB142AFDA3EF00C3209E /* PanelTransition.swift */; };
		662BDB172AFDA40500C3209E /* TransitionDriver.swift in Sources */ = {isa = PBXBuildFile; fileRef = 662BDB162AFDA40500C3209E /* TransitionDriver.swift */; };
		662BDB192AFDA41B00C3209E /* TransitionDirection.swift in Sources */ = {isa = PBXBuildFile; fileRef = 662BDB182AFDA41B00C3209E /* TransitionDirection.swift */; };
		662BDB1C2AFDA44300C3209E /* PresentationController.swift in Sources */ = {isa = PBXBuildFile; fileRef = 662BDB1B2AFDA44300C3209E /* PresentationController.swift */; };
		662BDB1E2AFDA45E00C3209E /* DimmPresentationController.swift in Sources */ = {isa = PBXBuildFile; fileRef = 662BDB1D2AFDA45E00C3209E /* DimmPresentationController.swift */; };
		662BDB212AFDA48100C3209E /* PresentAnimation.swift in Sources */ = {isa = PBXBuildFile; fileRef = 662BDB202AFDA48100C3209E /* PresentAnimation.swift */; };
		662BDB232AFDA49500C3209E /* DismissAnimation.swift in Sources */ = {isa = PBXBuildFile; fileRef = 662BDB222AFDA49500C3209E /* DismissAnimation.swift */; };
		662BDB252AFDA4C400C3209E /* CGPoint+Velocity.swift in Sources */ = {isa = PBXBuildFile; fileRef = 662BDB242AFDA4C400C3209E /* CGPoint+Velocity.swift */; };
		662BDB272AFDA4DC00C3209E /* InstantPanGestureRecognizer.swift in Sources */ = {isa = PBXBuildFile; fileRef = 662BDB262AFDA4DC00C3209E /* InstantPanGestureRecognizer.swift */; };
		664453482AE5B9E7008AB50A /* HomeSearchBar.swift in Sources */ = {isa = PBXBuildFile; fileRef = 664453472AE5B9E7008AB50A /* HomeSearchBar.swift */; };
		6644534A2AE698EB008AB50A /* HomeSearchController.swift in Sources */ = {isa = PBXBuildFile; fileRef = 664453492AE698EB008AB50A /* HomeSearchController.swift */; };
		664453542AE6C0D8008AB50A /* BasketVC.swift in Sources */ = {isa = PBXBuildFile; fileRef = 664453532AE6C0D8008AB50A /* BasketVC.swift */; };
		666856F72AE001090018B94C /* DummyData.swift in Sources */ = {isa = PBXBuildFile; fileRef = 666856F62AE001090018B94C /* DummyData.swift */; };
		666857022AE052D10018B94C /* SnapKit in Frameworks */ = {isa = PBXBuildFile; productRef = 666857012AE052D10018B94C /* SnapKit */; };
		666857042AE0537D0018B94C /* HomeItemType.swift in Sources */ = {isa = PBXBuildFile; fileRef = 666857032AE0537D0018B94C /* HomeItemType.swift */; };
		666857062AE0540D0018B94C /* HomeBannerItemModel.swift in Sources */ = {isa = PBXBuildFile; fileRef = 666857052AE0540D0018B94C /* HomeBannerItemModel.swift */; };
		666857092AE054AC0018B94C /* HomeCategoryItemModel.swift in Sources */ = {isa = PBXBuildFile; fileRef = 666857082AE054AC0018B94C /* HomeCategoryItemModel.swift */; };
		6668570B2AE054CD0018B94C /* ProductListItemModel.swift in Sources */ = {isa = PBXBuildFile; fileRef = 6668570A2AE054CD0018B94C /* ProductListItemModel.swift */; };
		666857122AE058CF0018B94C /* HomeBannerCell.swift in Sources */ = {isa = PBXBuildFile; fileRef = 666857112AE058CF0018B94C /* HomeBannerCell.swift */; };
		666857142AE05D6A0018B94C /* BannerItemCell.swift in Sources */ = {isa = PBXBuildFile; fileRef = 666857132AE05D6A0018B94C /* BannerItemCell.swift */; };
		6668571A2AE2C3560018B94C /* HomeCategoryCell.swift in Sources */ = {isa = PBXBuildFile; fileRef = 666857192AE2C3560018B94C /* HomeCategoryCell.swift */; };
		6668571C2AE2C5820018B94C /* CategoryItemCell.swift in Sources */ = {isa = PBXBuildFile; fileRef = 6668571B2AE2C5820018B94C /* CategoryItemCell.swift */; };
		66826DA12AF3A223009A52E8 /* WishlistTableCell .swift in Sources */ = {isa = PBXBuildFile; fileRef = 66826DA02AF3A223009A52E8 /* WishlistTableCell .swift */; };
		66826DA52AFA5CA2009A52E8 /* OrderSummaryView.swift in Sources */ = {isa = PBXBuildFile; fileRef = 66826DA42AFA5CA2009A52E8 /* OrderSummaryView.swift */; };
		66826DA82AFCE045009A52E8 /* PaymentVC.swift in Sources */ = {isa = PBXBuildFile; fileRef = 66826DA72AFCE045009A52E8 /* PaymentVC.swift */; };
		66826DAB2AFCECBB009A52E8 /* PaymentListCell .swift in Sources */ = {isa = PBXBuildFile; fileRef = 66826DAA2AFCECBB009A52E8 /* PaymentListCell .swift */; };
		66826DAE2AFD0FF8009A52E8 /* DeliveryTypeCell .swift in Sources */ = {isa = PBXBuildFile; fileRef = 66826DAD2AFD0FF8009A52E8 /* DeliveryTypeCell .swift */; };
		66826DB02AFD1270009A52E8 /* CheckoutItemModel.swift in Sources */ = {isa = PBXBuildFile; fileRef = 66826DAF2AFD1270009A52E8 /* CheckoutItemModel.swift */; };
		66826DB22AFD18EE009A52E8 /* PaymentMethodCell.swift in Sources */ = {isa = PBXBuildFile; fileRef = 66826DB12AFD18EE009A52E8 /* PaymentMethodCell.swift */; };
		66826DB52AFD2C41009A52E8 /* ChooseDelivery.swift in Sources */ = {isa = PBXBuildFile; fileRef = 66826DB42AFD2C41009A52E8 /* ChooseDelivery.swift */; };
		66826DB72AFD34FF009A52E8 /* ChooseDeliveryCell.swift in Sources */ = {isa = PBXBuildFile; fileRef = 66826DB62AFD34FF009A52E8 /* ChooseDeliveryCell.swift */; };
		6685B0FD2AD94D0E004E15C5 /* BaseView.swift in Sources */ = {isa = PBXBuildFile; fileRef = 6685B0FC2AD94D0E004E15C5 /* BaseView.swift */; };
		6685B0FF2AD94D95004E15C5 /* HomeNavBar.swift in Sources */ = {isa = PBXBuildFile; fileRef = 6685B0FE2AD94D95004E15C5 /* HomeNavBar.swift */; };
		668D06F42AEBBD0100041DB5 /* ProductDetailController.swift in Sources */ = {isa = PBXBuildFile; fileRef = 668D06F32AEBBD0100041DB5 /* ProductDetailController.swift */; };
		668D06F62AEBBEB400041DB5 /* ProductDetailCell.swift in Sources */ = {isa = PBXBuildFile; fileRef = 668D06F52AEBBEB400041DB5 /* ProductDetailCell.swift */; };
		668D06F82AEFD58500041DB5 /* GeneralNavigationBar.swift in Sources */ = {isa = PBXBuildFile; fileRef = 668D06F72AEFD58500041DB5 /* GeneralNavigationBar.swift */; };
		668D06FB2AEFD5C400041DB5 /* MarketDetailCell .swift in Sources */ = {isa = PBXBuildFile; fileRef = 668D06FA2AEFD5C400041DB5 /* MarketDetailCell .swift */; };
		668D06FD2AEFDA7600041DB5 /* ProductDetailModel.swift in Sources */ = {isa = PBXBuildFile; fileRef = 668D06FC2AEFDA7600041DB5 /* ProductDetailModel.swift */; };
		668D07002AEFF2C000041DB5 /* MarketInfoModel .swift in Sources */ = {isa = PBXBuildFile; fileRef = 668D06FF2AEFF2C000041DB5 /* MarketInfoModel .swift */; };
		668D07032AF019EF00041DB5 /* DiscriptCell .swift in Sources */ = {isa = PBXBuildFile; fileRef = 668D07022AF019EF00041DB5 /* DiscriptCell .swift */; };
		668D07062AF060F800041DB5 /* DeliveryView.swift in Sources */ = {isa = PBXBuildFile; fileRef = 668D07052AF060F800041DB5 /* DeliveryView.swift */; };
		668D07082AF0826400041DB5 /* BasketTableCell.swift in Sources */ = {isa = PBXBuildFile; fileRef = 668D07072AF0826400041DB5 /* BasketTableCell.swift */; };
		668D070A2AF08E6100041DB5 /* FooterProductDetail.swift in Sources */ = {isa = PBXBuildFile; fileRef = 668D07092AF08E6100041DB5 /* FooterProductDetail.swift */; };
		668D070D2AF1244D00041DB5 /* MocNetworkManager.swift in Sources */ = {isa = PBXBuildFile; fileRef = 668D070C2AF1244D00041DB5 /* MocNetworkManager.swift */; };
		66A560FF2AD6CCAE004527FF /* AppDelegate.swift in Sources */ = {isa = PBXBuildFile; fileRef = 66A560FE2AD6CCAE004527FF /* AppDelegate.swift */; };
		66A561012AD6CCAE004527FF /* SceneDelegate.swift in Sources */ = {isa = PBXBuildFile; fileRef = 66A561002AD6CCAE004527FF /* SceneDelegate.swift */; };
		66A561032AD6CCAE004527FF /* HomeController.swift in Sources */ = {isa = PBXBuildFile; fileRef = 66A561022AD6CCAE004527FF /* HomeController.swift */; };
		66A561082AD6CCB0004527FF /* Assets.xcassets in Resources */ = {isa = PBXBuildFile; fileRef = 66A561072AD6CCB0004527FF /* Assets.xcassets */; };
		66A5610B2AD6CCB0004527FF /* LaunchScreen.storyboard in Resources */ = {isa = PBXBuildFile; fileRef = 66A561092AD6CCB0004527FF /* LaunchScreen.storyboard */; };
		66A561152AD6D00E004527FF /* TabBarController.swift in Sources */ = {isa = PBXBuildFile; fileRef = 66A561142AD6D00E004527FF /* TabBarController.swift */; };
		66A561192AD6D163004527FF /* UIColor + ext .swift in Sources */ = {isa = PBXBuildFile; fileRef = 66A561182AD6D163004527FF /* UIColor + ext .swift */; };
		66A5611D2AD6D1FC004527FF /* Resources.swift in Sources */ = {isa = PBXBuildFile; fileRef = 66A5611C2AD6D1FC004527FF /* Resources.swift */; };
		66A5611F2AD7EFBB004527FF /* NavBarController.swift in Sources */ = {isa = PBXBuildFile; fileRef = 66A5611E2AD7EFBB004527FF /* NavBarController.swift */; };
		66A561222AD7F2AD004527FF /* BaseController.swift in Sources */ = {isa = PBXBuildFile; fileRef = 66A561212AD7F2AD004527FF /* BaseController.swift */; };
		66A5612B2AD7FD2D004527FF /* WishlistController.swift in Sources */ = {isa = PBXBuildFile; fileRef = 66A5612A2AD7FD2D004527FF /* WishlistController.swift */; };
		66A5612D2AD7FD3D004527FF /* HistoryController.swift in Sources */ = {isa = PBXBuildFile; fileRef = 66A5612C2AD7FD3D004527FF /* HistoryController.swift */; };
		66A5612F2AD7FD4A004527FF /* AccountController.swift in Sources */ = {isa = PBXBuildFile; fileRef = 66A5612E2AD7FD4A004527FF /* AccountController.swift */; };
		66A561322AD86EA4004527FF /* DeliveryAddressButton.swift in Sources */ = {isa = PBXBuildFile; fileRef = 66A561312AD86EA4004527FF /* DeliveryAddressButton.swift */; };
		66A561342AD8807C004527FF /* UIView + ext.swift in Sources */ = {isa = PBXBuildFile; fileRef = 66A561332AD8807B004527FF /* UIView + ext.swift */; };
		66B31EEF2AE345210093C5F1 /* HomeProductListCell.swift in Sources */ = {isa = PBXBuildFile; fileRef = 66B31EEE2AE345210093C5F1 /* HomeProductListCell.swift */; };
		66B31EF12AE4670D0093C5F1 /* ProductItemCell.swift in Sources */ = {isa = PBXBuildFile; fileRef = 66B31EF02AE4670D0093C5F1 /* ProductItemCell.swift */; };
/* End PBXBuildFile section */

/* Begin PBXFileReference section */
		662BDB142AFDA3EF00C3209E /* PanelTransition.swift */ = {isa = PBXFileReference; lastKnownFileType = sourcecode.swift; path = PanelTransition.swift; sourceTree = "<group>"; };
		662BDB162AFDA40500C3209E /* TransitionDriver.swift */ = {isa = PBXFileReference; lastKnownFileType = sourcecode.swift; path = TransitionDriver.swift; sourceTree = "<group>"; };
		662BDB182AFDA41B00C3209E /* TransitionDirection.swift */ = {isa = PBXFileReference; lastKnownFileType = sourcecode.swift; path = TransitionDirection.swift; sourceTree = "<group>"; };
		662BDB1B2AFDA44300C3209E /* PresentationController.swift */ = {isa = PBXFileReference; lastKnownFileType = sourcecode.swift; path = PresentationController.swift; sourceTree = "<group>"; };
		662BDB1D2AFDA45E00C3209E /* DimmPresentationController.swift */ = {isa = PBXFileReference; lastKnownFileType = sourcecode.swift; path = DimmPresentationController.swift; sourceTree = "<group>"; };
		662BDB202AFDA48100C3209E /* PresentAnimation.swift */ = {isa = PBXFileReference; lastKnownFileType = sourcecode.swift; path = PresentAnimation.swift; sourceTree = "<group>"; };
		662BDB222AFDA49500C3209E /* DismissAnimation.swift */ = {isa = PBXFileReference; lastKnownFileType = sourcecode.swift; path = DismissAnimation.swift; sourceTree = "<group>"; };
		662BDB242AFDA4C400C3209E /* CGPoint+Velocity.swift */ = {isa = PBXFileReference; lastKnownFileType = sourcecode.swift; path = "CGPoint+Velocity.swift"; sourceTree = "<group>"; };
		662BDB262AFDA4DC00C3209E /* InstantPanGestureRecognizer.swift */ = {isa = PBXFileReference; lastKnownFileType = sourcecode.swift; path = InstantPanGestureRecognizer.swift; sourceTree = "<group>"; };
		664453472AE5B9E7008AB50A /* HomeSearchBar.swift */ = {isa = PBXFileReference; lastKnownFileType = sourcecode.swift; path = HomeSearchBar.swift; sourceTree = "<group>"; };
		664453492AE698EB008AB50A /* HomeSearchController.swift */ = {isa = PBXFileReference; lastKnownFileType = sourcecode.swift; path = HomeSearchController.swift; sourceTree = "<group>"; };
		664453532AE6C0D8008AB50A /* BasketVC.swift */ = {isa = PBXFileReference; lastKnownFileType = sourcecode.swift; path = BasketVC.swift; sourceTree = "<group>"; };
		666856F62AE001090018B94C /* DummyData.swift */ = {isa = PBXFileReference; lastKnownFileType = sourcecode.swift; path = DummyData.swift; sourceTree = "<group>"; };
		666857032AE0537D0018B94C /* HomeItemType.swift */ = {isa = PBXFileReference; lastKnownFileType = sourcecode.swift; path = HomeItemType.swift; sourceTree = "<group>"; };
		666857052AE0540D0018B94C /* HomeBannerItemModel.swift */ = {isa = PBXFileReference; lastKnownFileType = sourcecode.swift; path = HomeBannerItemModel.swift; sourceTree = "<group>"; };
		666857082AE054AC0018B94C /* HomeCategoryItemModel.swift */ = {isa = PBXFileReference; lastKnownFileType = sourcecode.swift; path = HomeCategoryItemModel.swift; sourceTree = "<group>"; };
		6668570A2AE054CD0018B94C /* ProductListItemModel.swift */ = {isa = PBXFileReference; lastKnownFileType = sourcecode.swift; path = ProductListItemModel.swift; sourceTree = "<group>"; };
		666857112AE058CF0018B94C /* HomeBannerCell.swift */ = {isa = PBXFileReference; lastKnownFileType = sourcecode.swift; path = HomeBannerCell.swift; sourceTree = "<group>"; };
		666857132AE05D6A0018B94C /* BannerItemCell.swift */ = {isa = PBXFileReference; lastKnownFileType = sourcecode.swift; path = BannerItemCell.swift; sourceTree = "<group>"; };
		666857192AE2C3560018B94C /* HomeCategoryCell.swift */ = {isa = PBXFileReference; lastKnownFileType = sourcecode.swift; path = HomeCategoryCell.swift; sourceTree = "<group>"; };
		6668571B2AE2C5820018B94C /* CategoryItemCell.swift */ = {isa = PBXFileReference; lastKnownFileType = sourcecode.swift; path = CategoryItemCell.swift; sourceTree = "<group>"; };
		66826DA02AF3A223009A52E8 /* WishlistTableCell .swift */ = {isa = PBXFileReference; lastKnownFileType = sourcecode.swift; path = "WishlistTableCell .swift"; sourceTree = "<group>"; };
		66826DA42AFA5CA2009A52E8 /* OrderSummaryView.swift */ = {isa = PBXFileReference; lastKnownFileType = sourcecode.swift; path = OrderSummaryView.swift; sourceTree = "<group>"; };
		66826DA72AFCE045009A52E8 /* PaymentVC.swift */ = {isa = PBXFileReference; lastKnownFileType = sourcecode.swift; path = PaymentVC.swift; sourceTree = "<group>"; };
		66826DAA2AFCECBB009A52E8 /* PaymentListCell .swift */ = {isa = PBXFileReference; lastKnownFileType = sourcecode.swift; path = "PaymentListCell .swift"; sourceTree = "<group>"; };
		66826DAD2AFD0FF8009A52E8 /* DeliveryTypeCell .swift */ = {isa = PBXFileReference; lastKnownFileType = sourcecode.swift; path = "DeliveryTypeCell .swift"; sourceTree = "<group>"; };
		66826DAF2AFD1270009A52E8 /* CheckoutItemModel.swift */ = {isa = PBXFileReference; lastKnownFileType = sourcecode.swift; path = CheckoutItemModel.swift; sourceTree = "<group>"; };
		66826DB12AFD18EE009A52E8 /* PaymentMethodCell.swift */ = {isa = PBXFileReference; lastKnownFileType = sourcecode.swift; path = PaymentMethodCell.swift; sourceTree = "<group>"; };
		66826DB42AFD2C41009A52E8 /* ChooseDelivery.swift */ = {isa = PBXFileReference; lastKnownFileType = sourcecode.swift; path = ChooseDelivery.swift; sourceTree = "<group>"; };
		66826DB62AFD34FF009A52E8 /* ChooseDeliveryCell.swift */ = {isa = PBXFileReference; lastKnownFileType = sourcecode.swift; path = ChooseDeliveryCell.swift; sourceTree = "<group>"; };
		6685B0FC2AD94D0E004E15C5 /* BaseView.swift */ = {isa = PBXFileReference; lastKnownFileType = sourcecode.swift; path = BaseView.swift; sourceTree = "<group>"; };
		6685B0FE2AD94D95004E15C5 /* HomeNavBar.swift */ = {isa = PBXFileReference; lastKnownFileType = sourcecode.swift; path = HomeNavBar.swift; sourceTree = "<group>"; };
		668D06F32AEBBD0100041DB5 /* ProductDetailController.swift */ = {isa = PBXFileReference; lastKnownFileType = sourcecode.swift; path = ProductDetailController.swift; sourceTree = "<group>"; };
		668D06F52AEBBEB400041DB5 /* ProductDetailCell.swift */ = {isa = PBXFileReference; lastKnownFileType = sourcecode.swift; path = ProductDetailCell.swift; sourceTree = "<group>"; };
		668D06F72AEFD58500041DB5 /* GeneralNavigationBar.swift */ = {isa = PBXFileReference; lastKnownFileType = sourcecode.swift; path = GeneralNavigationBar.swift; sourceTree = "<group>"; };
		668D06FA2AEFD5C400041DB5 /* MarketDetailCell .swift */ = {isa = PBXFileReference; lastKnownFileType = sourcecode.swift; path = "MarketDetailCell .swift"; sourceTree = "<group>"; };
		668D06FC2AEFDA7600041DB5 /* ProductDetailModel.swift */ = {isa = PBXFileReference; lastKnownFileType = sourcecode.swift; path = ProductDetailModel.swift; sourceTree = "<group>"; };
		668D06FF2AEFF2C000041DB5 /* MarketInfoModel .swift */ = {isa = PBXFileReference; lastKnownFileType = sourcecode.swift; path = "MarketInfoModel .swift"; sourceTree = "<group>"; };
		668D07022AF019EF00041DB5 /* DiscriptCell .swift */ = {isa = PBXFileReference; lastKnownFileType = sourcecode.swift; path = "DiscriptCell .swift"; sourceTree = "<group>"; };
		668D07052AF060F800041DB5 /* DeliveryView.swift */ = {isa = PBXFileReference; lastKnownFileType = sourcecode.swift; path = DeliveryView.swift; sourceTree = "<group>"; };
		668D07072AF0826400041DB5 /* BasketTableCell.swift */ = {isa = PBXFileReference; lastKnownFileType = sourcecode.swift; path = BasketTableCell.swift; sourceTree = "<group>"; };
		668D07092AF08E6100041DB5 /* FooterProductDetail.swift */ = {isa = PBXFileReference; lastKnownFileType = sourcecode.swift; path = FooterProductDetail.swift; sourceTree = "<group>"; };
		668D070C2AF1244D00041DB5 /* MocNetworkManager.swift */ = {isa = PBXFileReference; lastKnownFileType = sourcecode.swift; path = MocNetworkManager.swift; sourceTree = "<group>"; };
		66A560FB2AD6CCAE004527FF /* E-commerceApp.app */ = {isa = PBXFileReference; explicitFileType = wrapper.application; includeInIndex = 0; path = "E-commerceApp.app"; sourceTree = BUILT_PRODUCTS_DIR; };
		66A560FE2AD6CCAE004527FF /* AppDelegate.swift */ = {isa = PBXFileReference; lastKnownFileType = sourcecode.swift; path = AppDelegate.swift; sourceTree = "<group>"; };
		66A561002AD6CCAE004527FF /* SceneDelegate.swift */ = {isa = PBXFileReference; lastKnownFileType = sourcecode.swift; path = SceneDelegate.swift; sourceTree = "<group>"; };
		66A561022AD6CCAE004527FF /* HomeController.swift */ = {isa = PBXFileReference; lastKnownFileType = sourcecode.swift; path = HomeController.swift; sourceTree = "<group>"; };
		66A561072AD6CCB0004527FF /* Assets.xcassets */ = {isa = PBXFileReference; lastKnownFileType = folder.assetcatalog; path = Assets.xcassets; sourceTree = "<group>"; };
		66A5610A2AD6CCB0004527FF /* Base */ = {isa = PBXFileReference; lastKnownFileType = file.storyboard; name = Base; path = Base.lproj/LaunchScreen.storyboard; sourceTree = "<group>"; };
		66A5610C2AD6CCB0004527FF /* Info.plist */ = {isa = PBXFileReference; lastKnownFileType = text.plist.xml; path = Info.plist; sourceTree = "<group>"; };
		66A561142AD6D00E004527FF /* TabBarController.swift */ = {isa = PBXFileReference; lastKnownFileType = sourcecode.swift; path = TabBarController.swift; sourceTree = "<group>"; };
		66A561182AD6D163004527FF /* UIColor + ext .swift */ = {isa = PBXFileReference; lastKnownFileType = sourcecode.swift; path = "UIColor + ext .swift"; sourceTree = "<group>"; };
		66A5611C2AD6D1FC004527FF /* Resources.swift */ = {isa = PBXFileReference; lastKnownFileType = sourcecode.swift; path = Resources.swift; sourceTree = "<group>"; };
		66A5611E2AD7EFBB004527FF /* NavBarController.swift */ = {isa = PBXFileReference; lastKnownFileType = sourcecode.swift; path = NavBarController.swift; sourceTree = "<group>"; };
		66A561212AD7F2AD004527FF /* BaseController.swift */ = {isa = PBXFileReference; lastKnownFileType = sourcecode.swift; path = BaseController.swift; sourceTree = "<group>"; };
		66A5612A2AD7FD2D004527FF /* WishlistController.swift */ = {isa = PBXFileReference; lastKnownFileType = sourcecode.swift; path = WishlistController.swift; sourceTree = "<group>"; };
		66A5612C2AD7FD3D004527FF /* HistoryController.swift */ = {isa = PBXFileReference; lastKnownFileType = sourcecode.swift; path = HistoryController.swift; sourceTree = "<group>"; };
		66A5612E2AD7FD4A004527FF /* AccountController.swift */ = {isa = PBXFileReference; lastKnownFileType = sourcecode.swift; path = AccountController.swift; sourceTree = "<group>"; };
		66A561312AD86EA4004527FF /* DeliveryAddressButton.swift */ = {isa = PBXFileReference; lastKnownFileType = sourcecode.swift; path = DeliveryAddressButton.swift; sourceTree = "<group>"; };
		66A561332AD8807B004527FF /* UIView + ext.swift */ = {isa = PBXFileReference; lastKnownFileType = sourcecode.swift; path = "UIView + ext.swift"; sourceTree = "<group>"; };
		66B31EEE2AE345210093C5F1 /* HomeProductListCell.swift */ = {isa = PBXFileReference; lastKnownFileType = sourcecode.swift; path = HomeProductListCell.swift; sourceTree = "<group>"; };
		66B31EF02AE4670D0093C5F1 /* ProductItemCell.swift */ = {isa = PBXFileReference; lastKnownFileType = sourcecode.swift; path = ProductItemCell.swift; sourceTree = "<group>"; };
/* End PBXFileReference section */

/* Begin PBXFrameworksBuildPhase section */
		66A560F82AD6CCAE004527FF /* Frameworks */ = {
			isa = PBXFrameworksBuildPhase;
			buildActionMask = 2147483647;
			files = (
				666857022AE052D10018B94C /* SnapKit in Frameworks */,
			);
			runOnlyForDeploymentPostprocessing = 0;
		};
/* End PBXFrameworksBuildPhase section */

/* Begin PBXGroup section */
		662BDB132AFDA3E200C3209E /* Transition */ = {
			isa = PBXGroup;
			children = (
				662BDB142AFDA3EF00C3209E /* PanelTransition.swift */,
				662BDB162AFDA40500C3209E /* TransitionDriver.swift */,
				662BDB182AFDA41B00C3209E /* TransitionDirection.swift */,
				662BDB1A2AFDA42D00C3209E /* Presentation Controller */,
				662BDB1F2AFDA47400C3209E /* Animations */,
				662BDB242AFDA4C400C3209E /* CGPoint+Velocity.swift */,
				662BDB262AFDA4DC00C3209E /* InstantPanGestureRecognizer.swift */,
			);
			path = Transition;
			sourceTree = "<group>";
		};
		662BDB1A2AFDA42D00C3209E /* Presentation Controller */ = {
			isa = PBXGroup;
			children = (
				662BDB1B2AFDA44300C3209E /* PresentationController.swift */,
				662BDB1D2AFDA45E00C3209E /* DimmPresentationController.swift */,
			);
			path = "Presentation Controller";
			sourceTree = "<group>";
		};
		662BDB1F2AFDA47400C3209E /* Animations */ = {
			isa = PBXGroup;
			children = (
				662BDB202AFDA48100C3209E /* PresentAnimation.swift */,
				662BDB222AFDA49500C3209E /* DismissAnimation.swift */,
			);
			path = Animations;
			sourceTree = "<group>";
		};
		664453522AE6C0BC008AB50A /* BasketDetail */ = {
			isa = PBXGroup;
			children = (
				668D07042AF060DE00041DB5 /* Views */,
				664453532AE6C0D8008AB50A /* BasketVC.swift */,
				668D07072AF0826400041DB5 /* BasketTableCell.swift */,
			);
			path = BasketDetail;
			sourceTree = "<group>";
		};
		666857072AE0548C0018B94C /* Model */ = {
			isa = PBXGroup;
			children = (
				666857052AE0540D0018B94C /* HomeBannerItemModel.swift */,
				666857082AE054AC0018B94C /* HomeCategoryItemModel.swift */,
				6668570A2AE054CD0018B94C /* ProductListItemModel.swift */,
			);
			path = Model;
			sourceTree = "<group>";
		};
		6668570E2AE058430018B94C /* Cells */ = {
			isa = PBXGroup;
			children = (
				666857102AE058A90018B94C /* CollectionCells */,
				6668570F2AE0589A0018B94C /* TableCells */,
			);
			path = Cells;
			sourceTree = "<group>";
		};
		6668570F2AE0589A0018B94C /* TableCells */ = {
			isa = PBXGroup;
			children = (
				666857112AE058CF0018B94C /* HomeBannerCell.swift */,
				666857192AE2C3560018B94C /* HomeCategoryCell.swift */,
				66B31EEE2AE345210093C5F1 /* HomeProductListCell.swift */,
			);
			path = TableCells;
			sourceTree = "<group>";
		};
		666857102AE058A90018B94C /* CollectionCells */ = {
			isa = PBXGroup;
			children = (
				666857132AE05D6A0018B94C /* BannerItemCell.swift */,
				6668571B2AE2C5820018B94C /* CategoryItemCell.swift */,
				66B31EF02AE4670D0093C5F1 /* ProductItemCell.swift */,
			);
			path = CollectionCells;
			sourceTree = "<group>";
		};
		66826DA62AFCE025009A52E8 /* Payment */ = {
			isa = PBXGroup;
			children = (
				66826DAF2AFD1270009A52E8 /* CheckoutItemModel.swift */,
				66826DAC2AFCECC4009A52E8 /* Views */,
				66826DA72AFCE045009A52E8 /* PaymentVC.swift */,
			);
			path = Payment;
			sourceTree = "<group>";
		};
		66826DAC2AFCECC4009A52E8 /* Views */ = {
			isa = PBXGroup;
			children = (
				66826DB32AFD2C1C009A52E8 /* Cell */,
				66826DB42AFD2C41009A52E8 /* ChooseDelivery.swift */,
				66826DB62AFD34FF009A52E8 /* ChooseDeliveryCell.swift */,
			);
			path = Views;
			sourceTree = "<group>";
		};
		66826DB32AFD2C1C009A52E8 /* Cell */ = {
			isa = PBXGroup;
			children = (
				66826DAA2AFCECBB009A52E8 /* PaymentListCell .swift */,
				66826DAD2AFD0FF8009A52E8 /* DeliveryTypeCell .swift */,
				66826DB12AFD18EE009A52E8 /* PaymentMethodCell.swift */,
			);
			path = Cell;
			sourceTree = "<group>";
		};
		668D06F22AEBBCF000041DB5 /* ProductDetail */ = {
			isa = PBXGroup;
			children = (
				668D06FE2AEFF2AE00041DB5 /* Model  */,
				668D06F92AEFD5A600041DB5 /* Cell */,
				668D06F32AEBBD0100041DB5 /* ProductDetailController.swift */,
				668D07092AF08E6100041DB5 /* FooterProductDetail.swift */,
			);
			path = ProductDetail;
			sourceTree = "<group>";
		};
		668D06F92AEFD5A600041DB5 /* Cell */ = {
			isa = PBXGroup;
			children = (
				668D06F52AEBBEB400041DB5 /* ProductDetailCell.swift */,
				668D06FA2AEFD5C400041DB5 /* MarketDetailCell .swift */,
				668D07022AF019EF00041DB5 /* DiscriptCell .swift */,
			);
			path = Cell;
			sourceTree = "<group>";
		};
		668D06FE2AEFF2AE00041DB5 /* Model  */ = {
			isa = PBXGroup;
			children = (
				668D06FC2AEFDA7600041DB5 /* ProductDetailModel.swift */,
				668D06FF2AEFF2C000041DB5 /* MarketInfoModel .swift */,
			);
			path = "Model ";
			sourceTree = "<group>";
		};
		668D07042AF060DE00041DB5 /* Views */ = {
			isa = PBXGroup;
			children = (
				668D07052AF060F800041DB5 /* DeliveryView.swift */,
				66826DA42AFA5CA2009A52E8 /* OrderSummaryView.swift */,
			);
			path = Views;
			sourceTree = "<group>";
		};
		668D070B2AF1243500041DB5 /* MocNetworkManager */ = {
			isa = PBXGroup;
			children = (
				668D070C2AF1244D00041DB5 /* MocNetworkManager.swift */,
				666856F62AE001090018B94C /* DummyData.swift */,
			);
			path = MocNetworkManager;
			sourceTree = "<group>";
		};
		66A560F22AD6CCAE004527FF = {
			isa = PBXGroup;
			children = (
				66A560FD2AD6CCAE004527FF /* E-commerceApp */,
				66A560FC2AD6CCAE004527FF /* Products */,
			);
			sourceTree = "<group>";
		};
		66A560FC2AD6CCAE004527FF /* Products */ = {
			isa = PBXGroup;
			children = (
				66A560FB2AD6CCAE004527FF /* E-commerceApp.app */,
			);
			name = Products;
			sourceTree = "<group>";
		};
		66A560FD2AD6CCAE004527FF /* E-commerceApp */ = {
			isa = PBXGroup;
			children = (
				668D070B2AF1243500041DB5 /* MocNetworkManager */,
				66A561122AD6CD96004527FF /* Application */,
				66A561162AD6D132004527FF /* Helpers */,
				66A561202AD7F28B004527FF /* Flows */,
				66A561132AD6CDBC004527FF /* SupportingFiles */,
			);
			path = "E-commerceApp";
			sourceTree = "<group>";
		};
		66A561122AD6CD96004527FF /* Application */ = {
			isa = PBXGroup;
			children = (
				66A560FE2AD6CCAE004527FF /* AppDelegate.swift */,
				66A561002AD6CCAE004527FF /* SceneDelegate.swift */,
			);
			path = Application;
			sourceTree = "<group>";
		};
		66A561132AD6CDBC004527FF /* SupportingFiles */ = {
			isa = PBXGroup;
			children = (
				66A561072AD6CCB0004527FF /* Assets.xcassets */,
				66A561092AD6CCB0004527FF /* LaunchScreen.storyboard */,
				66A5610C2AD6CCB0004527FF /* Info.plist */,
			);
			path = SupportingFiles;
			sourceTree = "<group>";
		};
		66A561162AD6D132004527FF /* Helpers */ = {
			isa = PBXGroup;
			children = (
				662BDB132AFDA3E200C3209E /* Transition */,
				66A561172AD6D151004527FF /* Extensions */,
				66A5611C2AD6D1FC004527FF /* Resources.swift */,
			);
			path = Helpers;
			sourceTree = "<group>";
		};
		66A561172AD6D151004527FF /* Extensions */ = {
			isa = PBXGroup;
			children = (
				66A561182AD6D163004527FF /* UIColor + ext .swift */,
				66A561332AD8807B004527FF /* UIView + ext.swift */,
			);
			path = Extensions;
			sourceTree = "<group>";
		};
		66A561202AD7F28B004527FF /* Flows */ = {
			isa = PBXGroup;
			children = (
				668D06F72AEFD58500041DB5 /* GeneralNavigationBar.swift */,
				66A561142AD6D00E004527FF /* TabBarController.swift */,
				66A5611E2AD7EFBB004527FF /* NavBarController.swift */,
				66826DA62AFCE025009A52E8 /* Payment */,
				664453522AE6C0BC008AB50A /* BasketDetail */,
				668D06F22AEBBCF000041DB5 /* ProductDetail */,
				66A561242AD7FCD9004527FF /* Home */,
				66A561252AD7FCE2004527FF /* Wishlist */,
				66A561262AD7FCF3004527FF /* History */,
				66A561272AD7FCFC004527FF /* Account */,
				66A561232AD7FCBF004527FF /* Base */,
			);
			path = Flows;
			sourceTree = "<group>";
		};
		66A561232AD7FCBF004527FF /* Base */ = {
			isa = PBXGroup;
			children = (
				66A561212AD7F2AD004527FF /* BaseController.swift */,
				6685B0FC2AD94D0E004E15C5 /* BaseView.swift */,
			);
			path = Base;
			sourceTree = "<group>";
		};
		66A561242AD7FCD9004527FF /* Home */ = {
			isa = PBXGroup;
			children = (
				666857072AE0548C0018B94C /* Model */,
				66A561302AD86E10004527FF /* Views */,
				666857032AE0537D0018B94C /* HomeItemType.swift */,
				66A561022AD6CCAE004527FF /* HomeController.swift */,
			);
			path = Home;
			sourceTree = "<group>";
		};
		66A561252AD7FCE2004527FF /* Wishlist */ = {
			isa = PBXGroup;
			children = (
				66A5612A2AD7FD2D004527FF /* WishlistController.swift */,
				66826DA02AF3A223009A52E8 /* WishlistTableCell .swift */,
			);
			path = Wishlist;
			sourceTree = "<group>";
		};
		66A561262AD7FCF3004527FF /* History */ = {
			isa = PBXGroup;
			children = (
				66A5612C2AD7FD3D004527FF /* HistoryController.swift */,
			);
			path = History;
			sourceTree = "<group>";
		};
		66A561272AD7FCFC004527FF /* Account */ = {
			isa = PBXGroup;
			children = (
				66A5612E2AD7FD4A004527FF /* AccountController.swift */,
			);
			path = Account;
			sourceTree = "<group>";
		};
		66A561302AD86E10004527FF /* Views */ = {
			isa = PBXGroup;
			children = (
				6668570E2AE058430018B94C /* Cells */,
				664453472AE5B9E7008AB50A /* HomeSearchBar.swift */,
				664453492AE698EB008AB50A /* HomeSearchController.swift */,
				66A561312AD86EA4004527FF /* DeliveryAddressButton.swift */,
				6685B0FE2AD94D95004E15C5 /* HomeNavBar.swift */,
			);
			path = Views;
			sourceTree = "<group>";
		};
/* End PBXGroup section */

/* Begin PBXNativeTarget section */
		66A560FA2AD6CCAE004527FF /* E-commerceApp */ = {
			isa = PBXNativeTarget;
			buildConfigurationList = 66A5610F2AD6CCB0004527FF /* Build configuration list for PBXNativeTarget "E-commerceApp" */;
			buildPhases = (
				66A560F72AD6CCAE004527FF /* Sources */,
				66A560F82AD6CCAE004527FF /* Frameworks */,
				66A560F92AD6CCAE004527FF /* Resources */,
			);
			buildRules = (
			);
			dependencies = (
			);
			name = "E-commerceApp";
			packageProductDependencies = (
				666857012AE052D10018B94C /* SnapKit */,
			);
			productName = "E-commerceApp";
			productReference = 66A560FB2AD6CCAE004527FF /* E-commerceApp.app */;
			productType = "com.apple.product-type.application";
		};
/* End PBXNativeTarget section */

/* Begin PBXProject section */
		66A560F32AD6CCAE004527FF /* Project object */ = {
			isa = PBXProject;
			attributes = {
				BuildIndependentTargetsInParallel = 1;
				LastSwiftUpdateCheck = 1430;
				LastUpgradeCheck = 1430;
				TargetAttributes = {
					66A560FA2AD6CCAE004527FF = {
						CreatedOnToolsVersion = 14.3.1;
					};
				};
			};
			buildConfigurationList = 66A560F62AD6CCAE004527FF /* Build configuration list for PBXProject "E-commerceApp" */;
			compatibilityVersion = "Xcode 14.0";
			developmentRegion = en;
			hasScannedForEncodings = 0;
			knownRegions = (
				en,
				Base,
			);
			mainGroup = 66A560F22AD6CCAE004527FF;
			packageReferences = (
				666857002AE052D10018B94C /* XCRemoteSwiftPackageReference "SnapKit" */,
			);
			productRefGroup = 66A560FC2AD6CCAE004527FF /* Products */;
			projectDirPath = "";
			projectRoot = "";
			targets = (
				66A560FA2AD6CCAE004527FF /* E-commerceApp */,
			);
		};
/* End PBXProject section */

/* Begin PBXResourcesBuildPhase section */
		66A560F92AD6CCAE004527FF /* Resources */ = {
			isa = PBXResourcesBuildPhase;
			buildActionMask = 2147483647;
			files = (
				66A5610B2AD6CCB0004527FF /* LaunchScreen.storyboard in Resources */,
				66A561082AD6CCB0004527FF /* Assets.xcassets in Resources */,
			);
			runOnlyForDeploymentPostprocessing = 0;
		};
/* End PBXResourcesBuildPhase section */

/* Begin PBXSourcesBuildPhase section */
		66A560F72AD6CCAE004527FF /* Sources */ = {
			isa = PBXSourcesBuildPhase;
			buildActionMask = 2147483647;
			files = (
				668D07032AF019EF00041DB5 /* DiscriptCell .swift in Sources */,
				66A561342AD8807C004527FF /* UIView + ext.swift in Sources */,
				668D06F62AEBBEB400041DB5 /* ProductDetailCell.swift in Sources */,
				668D06F82AEFD58500041DB5 /* GeneralNavigationBar.swift in Sources */,
				6668571A2AE2C3560018B94C /* HomeCategoryCell.swift in Sources */,
				66826DAB2AFCECBB009A52E8 /* PaymentListCell .swift in Sources */,
				66826DB02AFD1270009A52E8 /* CheckoutItemModel.swift in Sources */,
				666857092AE054AC0018B94C /* HomeCategoryItemModel.swift in Sources */,
				66A561032AD6CCAE004527FF /* HomeController.swift in Sources */,
				664453482AE5B9E7008AB50A /* HomeSearchBar.swift in Sources */,
				66A561152AD6D00E004527FF /* TabBarController.swift in Sources */,
				66A560FF2AD6CCAE004527FF /* AppDelegate.swift in Sources */,
				668D06FB2AEFD5C400041DB5 /* MarketDetailCell .swift in Sources */,
				66B31EF12AE4670D0093C5F1 /* ProductItemCell.swift in Sources */,
				66826DA52AFA5CA2009A52E8 /* OrderSummaryView.swift in Sources */,
				662BDB172AFDA40500C3209E /* TransitionDriver.swift in Sources */,
				6668571C2AE2C5820018B94C /* CategoryItemCell.swift in Sources */,
				66A5612F2AD7FD4A004527FF /* AccountController.swift in Sources */,
				66A5611F2AD7EFBB004527FF /* NavBarController.swift in Sources */,
				66A5612B2AD7FD2D004527FF /* WishlistController.swift in Sources */,
				662BDB1C2AFDA44300C3209E /* PresentationController.swift in Sources */,
				662BDB232AFDA49500C3209E /* DismissAnimation.swift in Sources */,
				668D07082AF0826400041DB5 /* BasketTableCell.swift in Sources */,
				66826DA12AF3A223009A52E8 /* WishlistTableCell .swift in Sources */,
				66A5611D2AD6D1FC004527FF /* Resources.swift in Sources */,
				662BDB1E2AFDA45E00C3209E /* DimmPresentationController.swift in Sources */,
				666856F72AE001090018B94C /* DummyData.swift in Sources */,
				662BDB152AFDA3EF00C3209E /* PanelTransition.swift in Sources */,
				666857142AE05D6A0018B94C /* BannerItemCell.swift in Sources */,
				66A561012AD6CCAE004527FF /* SceneDelegate.swift in Sources */,
				6644534A2AE698EB008AB50A /* HomeSearchController.swift in Sources */,
				668D070D2AF1244D00041DB5 /* MocNetworkManager.swift in Sources */,
				666857122AE058CF0018B94C /* HomeBannerCell.swift in Sources */,
				662BDB212AFDA48100C3209E /* PresentAnimation.swift in Sources */,
				668D07062AF060F800041DB5 /* DeliveryView.swift in Sources */,
				66826DA82AFCE045009A52E8 /* PaymentVC.swift in Sources */,
				662BDB192AFDA41B00C3209E /* TransitionDirection.swift in Sources */,
				668D07002AEFF2C000041DB5 /* MarketInfoModel .swift in Sources */,
				6668570B2AE054CD0018B94C /* ProductListItemModel.swift in Sources */,
				66A561322AD86EA4004527FF /* DeliveryAddressButton.swift in Sources */,
				66826DB72AFD34FF009A52E8 /* ChooseDeliveryCell.swift in Sources */,
				666857042AE0537D0018B94C /* HomeItemType.swift in Sources */,
				666857062AE0540D0018B94C /* HomeBannerItemModel.swift in Sources */,
				664453542AE6C0D8008AB50A /* BasketVC.swift in Sources */,
				66826DB52AFD2C41009A52E8 /* ChooseDelivery.swift in Sources */,
				66826DAE2AFD0FF8009A52E8 /* DeliveryTypeCell .swift in Sources */,
				668D070A2AF08E6100041DB5 /* FooterProductDetail.swift in Sources */,
				662BDB252AFDA4C400C3209E /* CGPoint+Velocity.swift in Sources */,
				66B31EEF2AE345210093C5F1 /* HomeProductListCell.swift in Sources */,
				6685B0FF2AD94D95004E15C5 /* HomeNavBar.swift in Sources */,
				66A5612D2AD7FD3D004527FF /* HistoryController.swift in Sources */,
				66A561222AD7F2AD004527FF /* BaseController.swift in Sources */,
				668D06FD2AEFDA7600041DB5 /* ProductDetailModel.swift in Sources */,
				662BDB272AFDA4DC00C3209E /* InstantPanGestureRecognizer.swift in Sources */,
				66826DB22AFD18EE009A52E8 /* PaymentMethodCell.swift in Sources */,
				66A561192AD6D163004527FF /* UIColor + ext .swift in Sources */,
				668D06F42AEBBD0100041DB5 /* ProductDetailController.swift in Sources */,
				6685B0FD2AD94D0E004E15C5 /* BaseView.swift in Sources */,
			);
			runOnlyForDeploymentPostprocessing = 0;
		};
/* End PBXSourcesBuildPhase section */

/* Begin PBXVariantGroup section */
		66A561092AD6CCB0004527FF /* LaunchScreen.storyboard */ = {
			isa = PBXVariantGroup;
			children = (
				66A5610A2AD6CCB0004527FF /* Base */,
			);
			name = LaunchScreen.storyboard;
			sourceTree = "<group>";
		};
/* End PBXVariantGroup section */

/* Begin XCBuildConfiguration section */
		66A5610D2AD6CCB0004527FF /* Debug */ = {
			isa = XCBuildConfiguration;
			buildSettings = {
				ALWAYS_SEARCH_USER_PATHS = NO;
				CLANG_ANALYZER_NONNULL = YES;
				CLANG_ANALYZER_NUMBER_OBJECT_CONVERSION = YES_AGGRESSIVE;
				CLANG_CXX_LANGUAGE_STANDARD = "gnu++20";
				CLANG_ENABLE_MODULES = YES;
				CLANG_ENABLE_OBJC_ARC = YES;
				CLANG_ENABLE_OBJC_WEAK = YES;
				CLANG_WARN_BLOCK_CAPTURE_AUTORELEASING = YES;
				CLANG_WARN_BOOL_CONVERSION = YES;
				CLANG_WARN_COMMA = YES;
				CLANG_WARN_CONSTANT_CONVERSION = YES;
				CLANG_WARN_DEPRECATED_OBJC_IMPLEMENTATIONS = YES;
				CLANG_WARN_DIRECT_OBJC_ISA_USAGE = YES_ERROR;
				CLANG_WARN_DOCUMENTATION_COMMENTS = YES;
				CLANG_WARN_EMPTY_BODY = YES;
				CLANG_WARN_ENUM_CONVERSION = YES;
				CLANG_WARN_INFINITE_RECURSION = YES;
				CLANG_WARN_INT_CONVERSION = YES;
				CLANG_WARN_NON_LITERAL_NULL_CONVERSION = YES;
				CLANG_WARN_OBJC_IMPLICIT_RETAIN_SELF = YES;
				CLANG_WARN_OBJC_LITERAL_CONVERSION = YES;
				CLANG_WARN_OBJC_ROOT_CLASS = YES_ERROR;
				CLANG_WARN_QUOTED_INCLUDE_IN_FRAMEWORK_HEADER = YES;
				CLANG_WARN_RANGE_LOOP_ANALYSIS = YES;
				CLANG_WARN_STRICT_PROTOTYPES = YES;
				CLANG_WARN_SUSPICIOUS_MOVE = YES;
				CLANG_WARN_UNGUARDED_AVAILABILITY = YES_AGGRESSIVE;
				CLANG_WARN_UNREACHABLE_CODE = YES;
				CLANG_WARN__DUPLICATE_METHOD_MATCH = YES;
				COPY_PHASE_STRIP = NO;
				DEBUG_INFORMATION_FORMAT = dwarf;
				ENABLE_STRICT_OBJC_MSGSEND = YES;
				ENABLE_TESTABILITY = YES;
				GCC_C_LANGUAGE_STANDARD = gnu11;
				GCC_DYNAMIC_NO_PIC = NO;
				GCC_NO_COMMON_BLOCKS = YES;
				GCC_OPTIMIZATION_LEVEL = 0;
				GCC_PREPROCESSOR_DEFINITIONS = (
					"DEBUG=1",
					"$(inherited)",
				);
				GCC_WARN_64_TO_32_BIT_CONVERSION = YES;
				GCC_WARN_ABOUT_RETURN_TYPE = YES_ERROR;
				GCC_WARN_UNDECLARED_SELECTOR = YES;
				GCC_WARN_UNINITIALIZED_AUTOS = YES_AGGRESSIVE;
				GCC_WARN_UNUSED_FUNCTION = YES;
				GCC_WARN_UNUSED_VARIABLE = YES;
				IPHONEOS_DEPLOYMENT_TARGET = 13.0;
				MTL_ENABLE_DEBUG_INFO = INCLUDE_SOURCE;
				MTL_FAST_MATH = YES;
				ONLY_ACTIVE_ARCH = YES;
				SDKROOT = iphoneos;
				SWIFT_ACTIVE_COMPILATION_CONDITIONS = DEBUG;
				SWIFT_OPTIMIZATION_LEVEL = "-Onone";
			};
			name = Debug;
		};
		66A5610E2AD6CCB0004527FF /* Release */ = {
			isa = XCBuildConfiguration;
			buildSettings = {
				ALWAYS_SEARCH_USER_PATHS = NO;
				CLANG_ANALYZER_NONNULL = YES;
				CLANG_ANALYZER_NUMBER_OBJECT_CONVERSION = YES_AGGRESSIVE;
				CLANG_CXX_LANGUAGE_STANDARD = "gnu++20";
				CLANG_ENABLE_MODULES = YES;
				CLANG_ENABLE_OBJC_ARC = YES;
				CLANG_ENABLE_OBJC_WEAK = YES;
				CLANG_WARN_BLOCK_CAPTURE_AUTORELEASING = YES;
				CLANG_WARN_BOOL_CONVERSION = YES;
				CLANG_WARN_COMMA = YES;
				CLANG_WARN_CONSTANT_CONVERSION = YES;
				CLANG_WARN_DEPRECATED_OBJC_IMPLEMENTATIONS = YES;
				CLANG_WARN_DIRECT_OBJC_ISA_USAGE = YES_ERROR;
				CLANG_WARN_DOCUMENTATION_COMMENTS = YES;
				CLANG_WARN_EMPTY_BODY = YES;
				CLANG_WARN_ENUM_CONVERSION = YES;
				CLANG_WARN_INFINITE_RECURSION = YES;
				CLANG_WARN_INT_CONVERSION = YES;
				CLANG_WARN_NON_LITERAL_NULL_CONVERSION = YES;
				CLANG_WARN_OBJC_IMPLICIT_RETAIN_SELF = YES;
				CLANG_WARN_OBJC_LITERAL_CONVERSION = YES;
				CLANG_WARN_OBJC_ROOT_CLASS = YES_ERROR;
				CLANG_WARN_QUOTED_INCLUDE_IN_FRAMEWORK_HEADER = YES;
				CLANG_WARN_RANGE_LOOP_ANALYSIS = YES;
				CLANG_WARN_STRICT_PROTOTYPES = YES;
				CLANG_WARN_SUSPICIOUS_MOVE = YES;
				CLANG_WARN_UNGUARDED_AVAILABILITY = YES_AGGRESSIVE;
				CLANG_WARN_UNREACHABLE_CODE = YES;
				CLANG_WARN__DUPLICATE_METHOD_MATCH = YES;
				COPY_PHASE_STRIP = NO;
				DEBUG_INFORMATION_FORMAT = "dwarf-with-dsym";
				ENABLE_NS_ASSERTIONS = NO;
				ENABLE_STRICT_OBJC_MSGSEND = YES;
				GCC_C_LANGUAGE_STANDARD = gnu11;
				GCC_NO_COMMON_BLOCKS = YES;
				GCC_WARN_64_TO_32_BIT_CONVERSION = YES;
				GCC_WARN_ABOUT_RETURN_TYPE = YES_ERROR;
				GCC_WARN_UNDECLARED_SELECTOR = YES;
				GCC_WARN_UNINITIALIZED_AUTOS = YES_AGGRESSIVE;
				GCC_WARN_UNUSED_FUNCTION = YES;
				GCC_WARN_UNUSED_VARIABLE = YES;
				IPHONEOS_DEPLOYMENT_TARGET = 13.0;
				MTL_ENABLE_DEBUG_INFO = NO;
				MTL_FAST_MATH = YES;
				SDKROOT = iphoneos;
				SWIFT_COMPILATION_MODE = wholemodule;
				SWIFT_OPTIMIZATION_LEVEL = "-O";
				VALIDATE_PRODUCT = YES;
			};
			name = Release;
		};
		66A561102AD6CCB0004527FF /* Debug */ = {
			isa = XCBuildConfiguration;
			buildSettings = {
				ASSETCATALOG_COMPILER_APPICON_NAME = AppIcon;
				ASSETCATALOG_COMPILER_GLOBAL_ACCENT_COLOR_NAME = AccentColor;
				CODE_SIGN_STYLE = Manual;
				CURRENT_PROJECT_VERSION = 1;
				DEVELOPMENT_TEAM = "";
				GENERATE_INFOPLIST_FILE = YES;
				INFOPLIST_FILE = "E-commerceApp/SupportingFiles/Info.plist";
				INFOPLIST_KEY_UIApplicationSupportsIndirectInputEvents = YES;
				INFOPLIST_KEY_UILaunchStoryboardName = LaunchScreen;
				INFOPLIST_KEY_UISupportedInterfaceOrientations = "UIInterfaceOrientationLandscapeLeft UIInterfaceOrientationLandscapeRight UIInterfaceOrientationPortrait";
				INFOPLIST_KEY_UISupportedInterfaceOrientations_iPad = "UIInterfaceOrientationLandscapeLeft UIInterfaceOrientationLandscapeRight UIInterfaceOrientationPortrait UIInterfaceOrientationPortraitUpsideDown";
				IPHONEOS_DEPLOYMENT_TARGET = 13.0;
				LD_RUNPATH_SEARCH_PATHS = (
					"$(inherited)",
					"@executable_path/Frameworks",
				);
				MARKETING_VERSION = 1.0;
				PRODUCT_BUNDLE_IDENTIFIER = "-8.08.2023.E-commerceApp";
				PRODUCT_NAME = "$(TARGET_NAME)";
				PROVISIONING_PROFILE_SPECIFIER = "";
				SUPPORTED_PLATFORMS = "iphoneos iphonesimulator";
				SUPPORTS_MACCATALYST = NO;
				SUPPORTS_MAC_DESIGNED_FOR_IPHONE_IPAD = NO;
				SWIFT_EMIT_LOC_STRINGS = YES;
				SWIFT_VERSION = 5.0;
				TARGETED_DEVICE_FAMILY = 1;
			};
			name = Debug;
		};
		66A561112AD6CCB0004527FF /* Release */ = {
			isa = XCBuildConfiguration;
			buildSettings = {
				ASSETCATALOG_COMPILER_APPICON_NAME = AppIcon;
				ASSETCATALOG_COMPILER_GLOBAL_ACCENT_COLOR_NAME = AccentColor;
				CODE_SIGN_STYLE = Manual;
				CURRENT_PROJECT_VERSION = 1;
				DEVELOPMENT_TEAM = "";
				GENERATE_INFOPLIST_FILE = YES;
				INFOPLIST_FILE = "E-commerceApp/SupportingFiles/Info.plist";
				INFOPLIST_KEY_UIApplicationSupportsIndirectInputEvents = YES;
				INFOPLIST_KEY_UILaunchStoryboardName = LaunchScreen;
				INFOPLIST_KEY_UISupportedInterfaceOrientations = "UIInterfaceOrientationLandscapeLeft UIInterfaceOrientationLandscapeRight UIInterfaceOrientationPortrait";
				INFOPLIST_KEY_UISupportedInterfaceOrientations_iPad = "UIInterfaceOrientationLandscapeLeft UIInterfaceOrientationLandscapeRight UIInterfaceOrientationPortrait UIInterfaceOrientationPortraitUpsideDown";
				IPHONEOS_DEPLOYMENT_TARGET = 13.0;
				LD_RUNPATH_SEARCH_PATHS = (
					"$(inherited)",
					"@executable_path/Frameworks",
				);
				MARKETING_VERSION = 1.0;
				PRODUCT_BUNDLE_IDENTIFIER = "-8.08.2023.E-commerceApp";
				PRODUCT_NAME = "$(TARGET_NAME)";
				PROVISIONING_PROFILE_SPECIFIER = "";
				SUPPORTED_PLATFORMS = "iphoneos iphonesimulator";
				SUPPORTS_MACCATALYST = NO;
				SUPPORTS_MAC_DESIGNED_FOR_IPHONE_IPAD = NO;
				SWIFT_EMIT_LOC_STRINGS = YES;
				SWIFT_VERSION = 5.0;
				TARGETED_DEVICE_FAMILY = 1;
			};
			name = Release;
		};
/* End XCBuildConfiguration section */

/* Begin XCConfigurationList section */
		66A560F62AD6CCAE004527FF /* Build configuration list for PBXProject "E-commerceApp" */ = {
			isa = XCConfigurationList;
			buildConfigurations = (
				66A5610D2AD6CCB0004527FF /* Debug */,
				66A5610E2AD6CCB0004527FF /* Release */,
			);
			defaultConfigurationIsVisible = 0;
			defaultConfigurationName = Release;
		};
		66A5610F2AD6CCB0004527FF /* Build configuration list for PBXNativeTarget "E-commerceApp" */ = {
			isa = XCConfigurationList;
			buildConfigurations = (
				66A561102AD6CCB0004527FF /* Debug */,
				66A561112AD6CCB0004527FF /* Release */,
			);
			defaultConfigurationIsVisible = 0;
			defaultConfigurationName = Release;
		};
/* End XCConfigurationList section */

/* Begin XCRemoteSwiftPackageReference section */
		666857002AE052D10018B94C /* XCRemoteSwiftPackageReference "SnapKit" */ = {
			isa = XCRemoteSwiftPackageReference;
			repositoryURL = "https://github.com/SnapKit/SnapKit";
			requirement = {
				kind = upToNextMajorVersion;
				minimumVersion = 5.0.0;
			};
		};
/* End XCRemoteSwiftPackageReference section */

/* Begin XCSwiftPackageProductDependency section */
		666857012AE052D10018B94C /* SnapKit */ = {
			isa = XCSwiftPackageProductDependency;
			package = 666857002AE052D10018B94C /* XCRemoteSwiftPackageReference "SnapKit" */;
			productName = SnapKit;
		};
/* End XCSwiftPackageProductDependency section */
	};
	rootObject = 66A560F32AD6CCAE004527FF /* Project object */;
}
